// !$*UTF8*$!
{
    archiveVersion = 1;
    classes = {};
    objectVersion = 46;
    rootObject = __RootObject_;
    objects = {
        __RootObject_ = {
            isa = PBXProject;
            attributes = {LastUpgradeCheck = 9999;};
            buildConfigurationList = ___RootConfs_;
            compatibilityVersion = 'Xcode 3.2';
            developmentRegion = English;
            hasScannedForEncodings = 0;
            knownRegions = (en);
            mainGroup = ___RootGroup_;
            productRefGroup = ____Products_;
            projectDirPath = '';
            projectRoot = '';
            targets = (______Target_C7, ______Target_Base64, ______Target_CryptoEssentials, ______Target_SHA1, ______Target_SwiftSockets, ______Target_SwiftyEchoDaemon, ______Target_Adler, ______Target_CWSocketsServer, ______Target_swift_ws, ______Target_TwoHundredHelpers);
        };
        '__PBXFileRef_Package.swift' = {
            isa = PBXFileReference;
            lastKnownFileType = sourcecode.swift;
            name = 'Package.swift';
            path = 'Package.swift';
            sourceTree = '<group>';
        };
        ___RootGroup_ = {
            isa = PBXGroup;
            children = ('__PBXFileRef_Package.swift', _____Configs_, _____Sources_, Dependencies_, _______Tests_, ____Products_);
            sourceTree = '<group>';
        };
        __PBXFileRef_C7_Info.plist = {
            isa = PBXFileReference;
            lastKnownFileType = text.plist.xml;
            name = 'C7_Info.plist';
            path = 'ws.xcodeproj/C7_Info.plist';
            sourceTree = SOURCE_ROOT;
        };
        _______Group_C7 = {
            isa = PBXGroup;
            name = C7;
            path = 'Packages/C7-0.7.4/Sources';
            sourceTree = '<group>';
            children = ('__PBXFileRef_Packages/C7-0.7.4/Sources/AsyncConnection.swift', '__PBXFileRef_Packages/C7-0.7.4/Sources/AsyncDrain.swift', '__PBXFileRef_Packages/C7-0.7.4/Sources/AsyncHost.swift', '__PBXFileRef_Packages/C7-0.7.4/Sources/AsyncStream.swift', '__PBXFileRef_Packages/C7-0.7.4/Sources/AsyncURIConnection.swift', '__PBXFileRef_Packages/C7-0.7.4/Sources/Byte.swift', '__PBXFileRef_Packages/C7-0.7.4/Sources/C7.swift', '__PBXFileRef_Packages/C7-0.7.4/Sources/CaseInsensitiveString.swift', '__PBXFileRef_Packages/C7-0.7.4/Sources/Closable.swift', '__PBXFileRef_Packages/C7-0.7.4/Sources/Connection.swift', '__PBXFileRef_Packages/C7-0.7.4/Sources/CustomDataStore.swift', '__PBXFileRef_Packages/C7-0.7.4/Sources/Data.swift', '__PBXFileRef_Packages/C7-0.7.4/Sources/Drain.swift', '__PBXFileRef_Packages/C7-0.7.4/Sources/Host.swift', '__PBXFileRef_Packages/C7-0.7.4/Sources/Query.swift', '__PBXFileRef_Packages/C7-0.7.4/Sources/QueryField.swift', '__PBXFileRef_Packages/C7-0.7.4/Sources/Stream.swift', '__PBXFileRef_Packages/C7-0.7.4/Sources/StreamError.swift', '__PBXFileRef_Packages/C7-0.7.4/Sources/StreamSequence.swift', '__PBXFileRef_Packages/C7-0.7.4/Sources/Time.swift', '__PBXFileRef_Packages/C7-0.7.4/Sources/URI.swift', '__PBXFileRef_Packages/C7-0.7.4/Sources/URIConnection.swift', __PBXFileRef_C7_Info.plist);
        };
        '__PBXFileRef_Packages/C7-0.7.4/Sources/AsyncConnection.swift' = {
            isa = PBXFileReference;
            lastKnownFileType = sourcecode.swift;
            name = 'AsyncConnection.swift';
            sourceTree = '<group>';
        };
        '__PBXFileRef_Packages/C7-0.7.4/Sources/AsyncDrain.swift' = {
            isa = PBXFileReference;
            lastKnownFileType = sourcecode.swift;
            name = 'AsyncDrain.swift';
            sourceTree = '<group>';
        };
        '__PBXFileRef_Packages/C7-0.7.4/Sources/AsyncHost.swift' = {
            isa = PBXFileReference;
            lastKnownFileType = sourcecode.swift;
            name = 'AsyncHost.swift';
            sourceTree = '<group>';
        };
        '__PBXFileRef_Packages/C7-0.7.4/Sources/AsyncStream.swift' = {
            isa = PBXFileReference;
            lastKnownFileType = sourcecode.swift;
            name = 'AsyncStream.swift';
            sourceTree = '<group>';
        };
        '__PBXFileRef_Packages/C7-0.7.4/Sources/AsyncURIConnection.swift' = {
            isa = PBXFileReference;
            lastKnownFileType = sourcecode.swift;
            name = 'AsyncURIConnection.swift';
            sourceTree = '<group>';
        };
        '__PBXFileRef_Packages/C7-0.7.4/Sources/Byte.swift' = {
            isa = PBXFileReference;
            lastKnownFileType = sourcecode.swift;
            name = 'Byte.swift';
            sourceTree = '<group>';
        };
        '__PBXFileRef_Packages/C7-0.7.4/Sources/C7.swift' = {
            isa = PBXFileReference;
            lastKnownFileType = sourcecode.swift;
            name = 'C7.swift';
            sourceTree = '<group>';
        };
        '__PBXFileRef_Packages/C7-0.7.4/Sources/CaseInsensitiveString.swift' = {
            isa = PBXFileReference;
            lastKnownFileType = sourcecode.swift;
            name = 'CaseInsensitiveString.swift';
            sourceTree = '<group>';
        };
        '__PBXFileRef_Packages/C7-0.7.4/Sources/Closable.swift' = {
            isa = PBXFileReference;
            lastKnownFileType = sourcecode.swift;
            name = 'Closable.swift';
            sourceTree = '<group>';
        };
        '__PBXFileRef_Packages/C7-0.7.4/Sources/Connection.swift' = {
            isa = PBXFileReference;
            lastKnownFileType = sourcecode.swift;
            name = 'Connection.swift';
            sourceTree = '<group>';
        };
        '__PBXFileRef_Packages/C7-0.7.4/Sources/CustomDataStore.swift' = {
            isa = PBXFileReference;
            lastKnownFileType = sourcecode.swift;
            name = 'CustomDataStore.swift';
            sourceTree = '<group>';
        };
        '__PBXFileRef_Packages/C7-0.7.4/Sources/Data.swift' = {
            isa = PBXFileReference;
            lastKnownFileType = sourcecode.swift;
            name = 'Data.swift';
            sourceTree = '<group>';
        };
        '__PBXFileRef_Packages/C7-0.7.4/Sources/Drain.swift' = {
            isa = PBXFileReference;
            lastKnownFileType = sourcecode.swift;
            name = 'Drain.swift';
            sourceTree = '<group>';
        };
        '__PBXFileRef_Packages/C7-0.7.4/Sources/Host.swift' = {
            isa = PBXFileReference;
            lastKnownFileType = sourcecode.swift;
            name = 'Host.swift';
            sourceTree = '<group>';
        };
        '__PBXFileRef_Packages/C7-0.7.4/Sources/Query.swift' = {
            isa = PBXFileReference;
            lastKnownFileType = sourcecode.swift;
            name = 'Query.swift';
            sourceTree = '<group>';
        };
        '__PBXFileRef_Packages/C7-0.7.4/Sources/QueryField.swift' = {
            isa = PBXFileReference;
            lastKnownFileType = sourcecode.swift;
            name = 'QueryField.swift';
            sourceTree = '<group>';
        };
        '__PBXFileRef_Packages/C7-0.7.4/Sources/Stream.swift' = {
            isa = PBXFileReference;
            lastKnownFileType = sourcecode.swift;
            name = 'Stream.swift';
            sourceTree = '<group>';
        };
        '__PBXFileRef_Packages/C7-0.7.4/Sources/StreamError.swift' = {
            isa = PBXFileReference;
            lastKnownFileType = sourcecode.swift;
            name = 'StreamError.swift';
            sourceTree = '<group>';
        };
        '__PBXFileRef_Packages/C7-0.7.4/Sources/StreamSequence.swift' = {
            isa = PBXFileReference;
            lastKnownFileType = sourcecode.swift;
            name = 'StreamSequence.swift';
            sourceTree = '<group>';
        };
        '__PBXFileRef_Packages/C7-0.7.4/Sources/Time.swift' = {
            isa = PBXFileReference;
            lastKnownFileType = sourcecode.swift;
            name = 'Time.swift';
            sourceTree = '<group>';
        };
        '__PBXFileRef_Packages/C7-0.7.4/Sources/URI.swift' = {
            isa = PBXFileReference;
            lastKnownFileType = sourcecode.swift;
            name = 'URI.swift';
            sourceTree = '<group>';
        };
        '__PBXFileRef_Packages/C7-0.7.4/Sources/URIConnection.swift' = {
            isa = PBXFileReference;
            lastKnownFileType = sourcecode.swift;
            name = 'URIConnection.swift';
            sourceTree = '<group>';
        };
        ______Target_C7 = {
            isa = PBXNativeTarget;
            buildConfigurationList = _______Confs_C7;
            buildPhases = (CompilePhase_C7, ___LinkPhase_C7);
            buildRules = ();
            dependencies = ();
            name = C7;
            productName = C7;
            productReference = _____Product_C7;
            productType = 'com.apple.product-type.framework';
        };
        _____Product_C7 = {
            isa = PBXFileReference;
            explicitFileType = 'wrapper.framework';
            path = 'C7.framework';
            sourceTree = BUILT_PRODUCTS_DIR;
        };
        CompilePhase_C7 = {
            isa = PBXSourcesBuildPhase;
            files = ('__src_cc_ref_Packages/C7-0.7.4/Sources/AsyncConnection.swift', '__src_cc_ref_Packages/C7-0.7.4/Sources/AsyncDrain.swift', '__src_cc_ref_Packages/C7-0.7.4/Sources/AsyncHost.swift', '__src_cc_ref_Packages/C7-0.7.4/Sources/AsyncStream.swift', '__src_cc_ref_Packages/C7-0.7.4/Sources/AsyncURIConnection.swift', '__src_cc_ref_Packages/C7-0.7.4/Sources/Byte.swift', '__src_cc_ref_Packages/C7-0.7.4/Sources/C7.swift', '__src_cc_ref_Packages/C7-0.7.4/Sources/CaseInsensitiveString.swift', '__src_cc_ref_Packages/C7-0.7.4/Sources/Closable.swift', '__src_cc_ref_Packages/C7-0.7.4/Sources/Connection.swift', '__src_cc_ref_Packages/C7-0.7.4/Sources/CustomDataStore.swift', '__src_cc_ref_Packages/C7-0.7.4/Sources/Data.swift', '__src_cc_ref_Packages/C7-0.7.4/Sources/Drain.swift', '__src_cc_ref_Packages/C7-0.7.4/Sources/Host.swift', '__src_cc_ref_Packages/C7-0.7.4/Sources/Query.swift', '__src_cc_ref_Packages/C7-0.7.4/Sources/QueryField.swift', '__src_cc_ref_Packages/C7-0.7.4/Sources/Stream.swift', '__src_cc_ref_Packages/C7-0.7.4/Sources/StreamError.swift', '__src_cc_ref_Packages/C7-0.7.4/Sources/StreamSequence.swift', '__src_cc_ref_Packages/C7-0.7.4/Sources/Time.swift', '__src_cc_ref_Packages/C7-0.7.4/Sources/URI.swift', '__src_cc_ref_Packages/C7-0.7.4/Sources/URIConnection.swift');
            runOnlyForDeploymentPostprocessing = 0;
        };
        '__src_cc_ref_Packages/C7-0.7.4/Sources/AsyncConnection.swift' = {
            isa = PBXBuildFile;
            fileRef = '__PBXFileRef_Packages/C7-0.7.4/Sources/AsyncConnection.swift';
        };
        '__src_cc_ref_Packages/C7-0.7.4/Sources/AsyncDrain.swift' = {
            isa = PBXBuildFile;
            fileRef = '__PBXFileRef_Packages/C7-0.7.4/Sources/AsyncDrain.swift';
        };
        '__src_cc_ref_Packages/C7-0.7.4/Sources/AsyncHost.swift' = {
            isa = PBXBuildFile;
            fileRef = '__PBXFileRef_Packages/C7-0.7.4/Sources/AsyncHost.swift';
        };
        '__src_cc_ref_Packages/C7-0.7.4/Sources/AsyncStream.swift' = {
            isa = PBXBuildFile;
            fileRef = '__PBXFileRef_Packages/C7-0.7.4/Sources/AsyncStream.swift';
        };
        '__src_cc_ref_Packages/C7-0.7.4/Sources/AsyncURIConnection.swift' = {
            isa = PBXBuildFile;
            fileRef = '__PBXFileRef_Packages/C7-0.7.4/Sources/AsyncURIConnection.swift';
        };
        '__src_cc_ref_Packages/C7-0.7.4/Sources/Byte.swift' = {
            isa = PBXBuildFile;
            fileRef = '__PBXFileRef_Packages/C7-0.7.4/Sources/Byte.swift';
        };
        '__src_cc_ref_Packages/C7-0.7.4/Sources/C7.swift' = {
            isa = PBXBuildFile;
            fileRef = '__PBXFileRef_Packages/C7-0.7.4/Sources/C7.swift';
        };
        '__src_cc_ref_Packages/C7-0.7.4/Sources/CaseInsensitiveString.swift' = {
            isa = PBXBuildFile;
            fileRef = '__PBXFileRef_Packages/C7-0.7.4/Sources/CaseInsensitiveString.swift';
        };
        '__src_cc_ref_Packages/C7-0.7.4/Sources/Closable.swift' = {
            isa = PBXBuildFile;
            fileRef = '__PBXFileRef_Packages/C7-0.7.4/Sources/Closable.swift';
        };
        '__src_cc_ref_Packages/C7-0.7.4/Sources/Connection.swift' = {
            isa = PBXBuildFile;
            fileRef = '__PBXFileRef_Packages/C7-0.7.4/Sources/Connection.swift';
        };
        '__src_cc_ref_Packages/C7-0.7.4/Sources/CustomDataStore.swift' = {
            isa = PBXBuildFile;
            fileRef = '__PBXFileRef_Packages/C7-0.7.4/Sources/CustomDataStore.swift';
        };
        '__src_cc_ref_Packages/C7-0.7.4/Sources/Data.swift' = {
            isa = PBXBuildFile;
            fileRef = '__PBXFileRef_Packages/C7-0.7.4/Sources/Data.swift';
        };
        '__src_cc_ref_Packages/C7-0.7.4/Sources/Drain.swift' = {
            isa = PBXBuildFile;
            fileRef = '__PBXFileRef_Packages/C7-0.7.4/Sources/Drain.swift';
        };
        '__src_cc_ref_Packages/C7-0.7.4/Sources/Host.swift' = {
            isa = PBXBuildFile;
            fileRef = '__PBXFileRef_Packages/C7-0.7.4/Sources/Host.swift';
        };
        '__src_cc_ref_Packages/C7-0.7.4/Sources/Query.swift' = {
            isa = PBXBuildFile;
            fileRef = '__PBXFileRef_Packages/C7-0.7.4/Sources/Query.swift';
        };
        '__src_cc_ref_Packages/C7-0.7.4/Sources/QueryField.swift' = {
            isa = PBXBuildFile;
            fileRef = '__PBXFileRef_Packages/C7-0.7.4/Sources/QueryField.swift';
        };
        '__src_cc_ref_Packages/C7-0.7.4/Sources/Stream.swift' = {
            isa = PBXBuildFile;
            fileRef = '__PBXFileRef_Packages/C7-0.7.4/Sources/Stream.swift';
        };
        '__src_cc_ref_Packages/C7-0.7.4/Sources/StreamError.swift' = {
            isa = PBXBuildFile;
            fileRef = '__PBXFileRef_Packages/C7-0.7.4/Sources/StreamError.swift';
        };
        '__src_cc_ref_Packages/C7-0.7.4/Sources/StreamSequence.swift' = {
            isa = PBXBuildFile;
            fileRef = '__PBXFileRef_Packages/C7-0.7.4/Sources/StreamSequence.swift';
        };
        '__src_cc_ref_Packages/C7-0.7.4/Sources/Time.swift' = {
            isa = PBXBuildFile;
            fileRef = '__PBXFileRef_Packages/C7-0.7.4/Sources/Time.swift';
        };
        '__src_cc_ref_Packages/C7-0.7.4/Sources/URI.swift' = {
            isa = PBXBuildFile;
            fileRef = '__PBXFileRef_Packages/C7-0.7.4/Sources/URI.swift';
        };
        '__src_cc_ref_Packages/C7-0.7.4/Sources/URIConnection.swift' = {
            isa = PBXBuildFile;
            fileRef = '__PBXFileRef_Packages/C7-0.7.4/Sources/URIConnection.swift';
        };
        ___LinkPhase_C7 = {
            isa = PBXFrameworksBuildPhase;
            files = ();
            runOnlyForDeploymentPostprocessing = 0;
        };
        _______Confs_C7 = {
            isa = XCConfigurationList;
            buildConfigurations = (___DebugConf_C7, _ReleaseConf_C7);
            defaultConfigurationIsVisible = 0;
            defaultConfigurationName = Debug;
        };
        ___DebugConf_C7 = {
            isa = XCBuildConfiguration;
            buildSettings = { LD_RUNPATH_SEARCH_PATHS = '$(TOOLCHAIN_DIR)/usr/lib/swift/macosx'; PRODUCT_MODULE_NAME = '$(TARGET_NAME:c99extidentifier)'; ENABLE_TESTABILITY = 'YES'; OTHER_SWIFT_FLAGS = '$(inherited)'; INFOPLIST_FILE = 'ws.xcodeproj/C7_Info.plist'; FRAMEWORK_SEARCH_PATHS = '$(PLATFORM_DIR)/Developer/Library/Frameworks'; SWIFT_OPTIMIZATION_LEVEL = '-Onone'; OTHER_LDFLAGS = '$(inherited)'; PRODUCT_NAME = '$(TARGET_NAME:c99extidentifier)'; };
            name = Debug;
        };
        _ReleaseConf_C7 = {
            isa = XCBuildConfiguration;
            buildSettings = { LD_RUNPATH_SEARCH_PATHS = '$(TOOLCHAIN_DIR)/usr/lib/swift/macosx'; PRODUCT_MODULE_NAME = '$(TARGET_NAME:c99extidentifier)'; ENABLE_TESTABILITY = 'YES'; OTHER_SWIFT_FLAGS = '$(inherited)'; INFOPLIST_FILE = 'ws.xcodeproj/C7_Info.plist'; FRAMEWORK_SEARCH_PATHS = '$(PLATFORM_DIR)/Developer/Library/Frameworks'; OTHER_LDFLAGS = '$(inherited)'; PRODUCT_NAME = '$(TARGET_NAME:c99extidentifier)'; };
            name = Release;
        };
        __Dependency_C7 = {
            isa = PBXTargetDependency;
            target = ______Target_C7;
        };
        __PBXFileRef_Base64_Info.plist = {
            isa = PBXFileReference;
            lastKnownFileType = text.plist.xml;
            name = 'Base64_Info.plist';
            path = 'ws.xcodeproj/Base64_Info.plist';
            sourceTree = SOURCE_ROOT;
        };
        _______Group_Base64 = {
            isa = PBXGroup;
            name = Base64;
            path = 'Packages/Base64-0.7.0/Source';
            sourceTree = '<group>';
            children = ('__PBXFileRef_Packages/Base64-0.7.0/Source/Base64.swift', __PBXFileRef_Base64_Info.plist);
        };
        '__PBXFileRef_Packages/Base64-0.7.0/Source/Base64.swift' = {
            isa = PBXFileReference;
            lastKnownFileType = sourcecode.swift;
            name = 'Base64.swift';
            sourceTree = '<group>';
        };
        ______Target_Base64 = {
            isa = PBXNativeTarget;
            buildConfigurationList = _______Confs_Base64;
            buildPhases = (CompilePhase_Base64, ___LinkPhase_Base64);
            buildRules = ();
            dependencies = (__Dependency_C7);
            name = Base64;
            productName = Base64;
            productReference = _____Product_Base64;
            productType = 'com.apple.product-type.framework';
        };
        _____Product_Base64 = {
            isa = PBXFileReference;
            explicitFileType = 'wrapper.framework';
            path = 'Base64.framework';
            sourceTree = BUILT_PRODUCTS_DIR;
        };
        CompilePhase_Base64 = {
            isa = PBXSourcesBuildPhase;
            files = ('__src_cc_ref_Packages/Base64-0.7.0/Source/Base64.swift');
            runOnlyForDeploymentPostprocessing = 0;
        };
        '__src_cc_ref_Packages/Base64-0.7.0/Source/Base64.swift' = {
            isa = PBXBuildFile;
            fileRef = '__PBXFileRef_Packages/Base64-0.7.0/Source/Base64.swift';
        };
        ___LinkPhase_Base64 = {
            isa = PBXFrameworksBuildPhase;
            files = (_LinkFileRef_C7_via_Base64);
            runOnlyForDeploymentPostprocessing = 0;
        };
        _LinkFileRef_C7_via_Base64 = {
            isa = PBXBuildFile;
            fileRef = _____Product_C7;
        };
        _______Confs_Base64 = {
            isa = XCConfigurationList;
            buildConfigurations = (___DebugConf_Base64, _ReleaseConf_Base64);
            defaultConfigurationIsVisible = 0;
            defaultConfigurationName = Debug;
        };
        ___DebugConf_Base64 = {
            isa = XCBuildConfiguration;
            buildSettings = { LD_RUNPATH_SEARCH_PATHS = '$(TOOLCHAIN_DIR)/usr/lib/swift/macosx'; PRODUCT_MODULE_NAME = '$(TARGET_NAME:c99extidentifier)'; ENABLE_TESTABILITY = 'YES'; OTHER_SWIFT_FLAGS = '$(inherited)'; INFOPLIST_FILE = 'ws.xcodeproj/Base64_Info.plist'; FRAMEWORK_SEARCH_PATHS = '$(PLATFORM_DIR)/Developer/Library/Frameworks'; SWIFT_OPTIMIZATION_LEVEL = '-Onone'; OTHER_LDFLAGS = '$(inherited)'; PRODUCT_NAME = '$(TARGET_NAME:c99extidentifier)'; };
            name = Debug;
        };
        _ReleaseConf_Base64 = {
            isa = XCBuildConfiguration;
            buildSettings = { LD_RUNPATH_SEARCH_PATHS = '$(TOOLCHAIN_DIR)/usr/lib/swift/macosx'; PRODUCT_MODULE_NAME = '$(TARGET_NAME:c99extidentifier)'; ENABLE_TESTABILITY = 'YES'; OTHER_SWIFT_FLAGS = '$(inherited)'; INFOPLIST_FILE = 'ws.xcodeproj/Base64_Info.plist'; FRAMEWORK_SEARCH_PATHS = '$(PLATFORM_DIR)/Developer/Library/Frameworks'; OTHER_LDFLAGS = '$(inherited)'; PRODUCT_NAME = '$(TARGET_NAME:c99extidentifier)'; };
            name = Release;
        };
        __Dependency_Base64 = {
            isa = PBXTargetDependency;
            target = ______Target_Base64;
        };
        __PBXFileRef_CryptoEssentials_Info.plist = {
            isa = PBXFileReference;
            lastKnownFileType = text.plist.xml;
            name = 'CryptoEssentials_Info.plist';
            path = 'ws.xcodeproj/CryptoEssentials_Info.plist';
            sourceTree = SOURCE_ROOT;
        };
        _______Group_CryptoEssentials = {
            isa = PBXGroup;
            name = CryptoEssentials;
            path = 'Packages/CryptoEssentials-0.7.3/Sources';
            sourceTree = '<group>';
            children = ('__PBXFileRef_Packages/CryptoEssentials-0.7.3/Sources/ArrayProtocol.swift', '__PBXFileRef_Packages/CryptoEssentials-0.7.3/Sources/Base64.swift', '__PBXFileRef_Packages/CryptoEssentials-0.7.3/Sources/BlockMode.swift', '__PBXFileRef_Packages/CryptoEssentials-0.7.3/Sources/BytesSequence.swift', '__PBXFileRef_Packages/CryptoEssentials-0.7.3/Sources/Cipher.swift', '__PBXFileRef_Packages/CryptoEssentials-0.7.3/Sources/Compatibility.swift', '__PBXFileRef_Packages/CryptoEssentials-0.7.3/Sources/Generics.swift', '__PBXFileRef_Packages/CryptoEssentials-0.7.3/Sources/HashProtocol.swift', '__PBXFileRef_Packages/CryptoEssentials-0.7.3/Sources/IntegerConvertible.swift', '__PBXFileRef_Packages/CryptoEssentials-0.7.3/Sources/IntExtension.swift', '__PBXFileRef_Packages/CryptoEssentials-0.7.3/Sources/NSData+Extensions.swift', '__PBXFileRef_Packages/CryptoEssentials-0.7.3/Sources/Operators.swift', '__PBXFileRef_Packages/CryptoEssentials-0.7.3/Sources/Padding.swift', '__PBXFileRef_Packages/CryptoEssentials-0.7.3/Sources/SecureBytes.swift', '__PBXFileRef_Packages/CryptoEssentials-0.7.3/Sources/Utils.swift', __PBXFileRef_CryptoEssentials_Info.plist);
        };
        '__PBXFileRef_Packages/CryptoEssentials-0.7.3/Sources/ArrayProtocol.swift' = {
            isa = PBXFileReference;
            lastKnownFileType = sourcecode.swift;
            name = 'ArrayProtocol.swift';
            sourceTree = '<group>';
        };
        '__PBXFileRef_Packages/CryptoEssentials-0.7.3/Sources/Base64.swift' = {
            isa = PBXFileReference;
            lastKnownFileType = sourcecode.swift;
            name = 'Base64.swift';
            sourceTree = '<group>';
        };
        '__PBXFileRef_Packages/CryptoEssentials-0.7.3/Sources/BlockMode.swift' = {
            isa = PBXFileReference;
            lastKnownFileType = sourcecode.swift;
            name = 'BlockMode.swift';
            sourceTree = '<group>';
        };
        '__PBXFileRef_Packages/CryptoEssentials-0.7.3/Sources/BytesSequence.swift' = {
            isa = PBXFileReference;
            lastKnownFileType = sourcecode.swift;
            name = 'BytesSequence.swift';
            sourceTree = '<group>';
        };
        '__PBXFileRef_Packages/CryptoEssentials-0.7.3/Sources/Cipher.swift' = {
            isa = PBXFileReference;
            lastKnownFileType = sourcecode.swift;
            name = 'Cipher.swift';
            sourceTree = '<group>';
        };
        '__PBXFileRef_Packages/CryptoEssentials-0.7.3/Sources/Compatibility.swift' = {
            isa = PBXFileReference;
            lastKnownFileType = sourcecode.swift;
            name = 'Compatibility.swift';
            sourceTree = '<group>';
        };
        '__PBXFileRef_Packages/CryptoEssentials-0.7.3/Sources/Generics.swift' = {
            isa = PBXFileReference;
            lastKnownFileType = sourcecode.swift;
            name = 'Generics.swift';
            sourceTree = '<group>';
        };
        '__PBXFileRef_Packages/CryptoEssentials-0.7.3/Sources/HashProtocol.swift' = {
            isa = PBXFileReference;
            lastKnownFileType = sourcecode.swift;
            name = 'HashProtocol.swift';
            sourceTree = '<group>';
        };
        '__PBXFileRef_Packages/CryptoEssentials-0.7.3/Sources/IntegerConvertible.swift' = {
            isa = PBXFileReference;
            lastKnownFileType = sourcecode.swift;
            name = 'IntegerConvertible.swift';
            sourceTree = '<group>';
        };
        '__PBXFileRef_Packages/CryptoEssentials-0.7.3/Sources/IntExtension.swift' = {
            isa = PBXFileReference;
            lastKnownFileType = sourcecode.swift;
            name = 'IntExtension.swift';
            sourceTree = '<group>';
        };
        '__PBXFileRef_Packages/CryptoEssentials-0.7.3/Sources/NSData+Extensions.swift' = {
            isa = PBXFileReference;
            lastKnownFileType = sourcecode.swift;
            name = 'NSData+Extensions.swift';
            sourceTree = '<group>';
        };
        '__PBXFileRef_Packages/CryptoEssentials-0.7.3/Sources/Operators.swift' = {
            isa = PBXFileReference;
            lastKnownFileType = sourcecode.swift;
            name = 'Operators.swift';
            sourceTree = '<group>';
        };
        '__PBXFileRef_Packages/CryptoEssentials-0.7.3/Sources/Padding.swift' = {
            isa = PBXFileReference;
            lastKnownFileType = sourcecode.swift;
            name = 'Padding.swift';
            sourceTree = '<group>';
        };
        '__PBXFileRef_Packages/CryptoEssentials-0.7.3/Sources/SecureBytes.swift' = {
            isa = PBXFileReference;
            lastKnownFileType = sourcecode.swift;
            name = 'SecureBytes.swift';
            sourceTree = '<group>';
        };
        '__PBXFileRef_Packages/CryptoEssentials-0.7.3/Sources/Utils.swift' = {
            isa = PBXFileReference;
            lastKnownFileType = sourcecode.swift;
            name = 'Utils.swift';
            sourceTree = '<group>';
        };
        ______Target_CryptoEssentials = {
            isa = PBXNativeTarget;
            buildConfigurationList = _______Confs_CryptoEssentials;
            buildPhases = (CompilePhase_CryptoEssentials, ___LinkPhase_CryptoEssentials);
            buildRules = ();
            dependencies = ();
            name = CryptoEssentials;
            productName = CryptoEssentials;
            productReference = _____Product_CryptoEssentials;
            productType = 'com.apple.product-type.framework';
        };
        _____Product_CryptoEssentials = {
            isa = PBXFileReference;
            explicitFileType = 'wrapper.framework';
            path = 'CryptoEssentials.framework';
            sourceTree = BUILT_PRODUCTS_DIR;
        };
        CompilePhase_CryptoEssentials = {
            isa = PBXSourcesBuildPhase;
            files = ('__src_cc_ref_Packages/CryptoEssentials-0.7.3/Sources/ArrayProtocol.swift', '__src_cc_ref_Packages/CryptoEssentials-0.7.3/Sources/Base64.swift', '__src_cc_ref_Packages/CryptoEssentials-0.7.3/Sources/BlockMode.swift', '__src_cc_ref_Packages/CryptoEssentials-0.7.3/Sources/BytesSequence.swift', '__src_cc_ref_Packages/CryptoEssentials-0.7.3/Sources/Cipher.swift', '__src_cc_ref_Packages/CryptoEssentials-0.7.3/Sources/Compatibility.swift', '__src_cc_ref_Packages/CryptoEssentials-0.7.3/Sources/Generics.swift', '__src_cc_ref_Packages/CryptoEssentials-0.7.3/Sources/HashProtocol.swift', '__src_cc_ref_Packages/CryptoEssentials-0.7.3/Sources/IntegerConvertible.swift', '__src_cc_ref_Packages/CryptoEssentials-0.7.3/Sources/IntExtension.swift', '__src_cc_ref_Packages/CryptoEssentials-0.7.3/Sources/NSData+Extensions.swift', '__src_cc_ref_Packages/CryptoEssentials-0.7.3/Sources/Operators.swift', '__src_cc_ref_Packages/CryptoEssentials-0.7.3/Sources/Padding.swift', '__src_cc_ref_Packages/CryptoEssentials-0.7.3/Sources/SecureBytes.swift', '__src_cc_ref_Packages/CryptoEssentials-0.7.3/Sources/Utils.swift');
            runOnlyForDeploymentPostprocessing = 0;
        };
        '__src_cc_ref_Packages/CryptoEssentials-0.7.3/Sources/ArrayProtocol.swift' = {
            isa = PBXBuildFile;
            fileRef = '__PBXFileRef_Packages/CryptoEssentials-0.7.3/Sources/ArrayProtocol.swift';
        };
        '__src_cc_ref_Packages/CryptoEssentials-0.7.3/Sources/Base64.swift' = {
            isa = PBXBuildFile;
            fileRef = '__PBXFileRef_Packages/CryptoEssentials-0.7.3/Sources/Base64.swift';
        };
        '__src_cc_ref_Packages/CryptoEssentials-0.7.3/Sources/BlockMode.swift' = {
            isa = PBXBuildFile;
            fileRef = '__PBXFileRef_Packages/CryptoEssentials-0.7.3/Sources/BlockMode.swift';
        };
        '__src_cc_ref_Packages/CryptoEssentials-0.7.3/Sources/BytesSequence.swift' = {
            isa = PBXBuildFile;
            fileRef = '__PBXFileRef_Packages/CryptoEssentials-0.7.3/Sources/BytesSequence.swift';
        };
        '__src_cc_ref_Packages/CryptoEssentials-0.7.3/Sources/Cipher.swift' = {
            isa = PBXBuildFile;
            fileRef = '__PBXFileRef_Packages/CryptoEssentials-0.7.3/Sources/Cipher.swift';
        };
        '__src_cc_ref_Packages/CryptoEssentials-0.7.3/Sources/Compatibility.swift' = {
            isa = PBXBuildFile;
            fileRef = '__PBXFileRef_Packages/CryptoEssentials-0.7.3/Sources/Compatibility.swift';
        };
        '__src_cc_ref_Packages/CryptoEssentials-0.7.3/Sources/Generics.swift' = {
            isa = PBXBuildFile;
            fileRef = '__PBXFileRef_Packages/CryptoEssentials-0.7.3/Sources/Generics.swift';
        };
        '__src_cc_ref_Packages/CryptoEssentials-0.7.3/Sources/HashProtocol.swift' = {
            isa = PBXBuildFile;
            fileRef = '__PBXFileRef_Packages/CryptoEssentials-0.7.3/Sources/HashProtocol.swift';
        };
        '__src_cc_ref_Packages/CryptoEssentials-0.7.3/Sources/IntegerConvertible.swift' = {
            isa = PBXBuildFile;
            fileRef = '__PBXFileRef_Packages/CryptoEssentials-0.7.3/Sources/IntegerConvertible.swift';
        };
        '__src_cc_ref_Packages/CryptoEssentials-0.7.3/Sources/IntExtension.swift' = {
            isa = PBXBuildFile;
            fileRef = '__PBXFileRef_Packages/CryptoEssentials-0.7.3/Sources/IntExtension.swift';
        };
        '__src_cc_ref_Packages/CryptoEssentials-0.7.3/Sources/NSData+Extensions.swift' = {
            isa = PBXBuildFile;
            fileRef = '__PBXFileRef_Packages/CryptoEssentials-0.7.3/Sources/NSData+Extensions.swift';
        };
        '__src_cc_ref_Packages/CryptoEssentials-0.7.3/Sources/Operators.swift' = {
            isa = PBXBuildFile;
            fileRef = '__PBXFileRef_Packages/CryptoEssentials-0.7.3/Sources/Operators.swift';
        };
        '__src_cc_ref_Packages/CryptoEssentials-0.7.3/Sources/Padding.swift' = {
            isa = PBXBuildFile;
            fileRef = '__PBXFileRef_Packages/CryptoEssentials-0.7.3/Sources/Padding.swift';
        };
        '__src_cc_ref_Packages/CryptoEssentials-0.7.3/Sources/SecureBytes.swift' = {
            isa = PBXBuildFile;
            fileRef = '__PBXFileRef_Packages/CryptoEssentials-0.7.3/Sources/SecureBytes.swift';
        };
        '__src_cc_ref_Packages/CryptoEssentials-0.7.3/Sources/Utils.swift' = {
            isa = PBXBuildFile;
            fileRef = '__PBXFileRef_Packages/CryptoEssentials-0.7.3/Sources/Utils.swift';
        };
        ___LinkPhase_CryptoEssentials = {
            isa = PBXFrameworksBuildPhase;
            files = ();
            runOnlyForDeploymentPostprocessing = 0;
        };
        _______Confs_CryptoEssentials = {
            isa = XCConfigurationList;
            buildConfigurations = (___DebugConf_CryptoEssentials, _ReleaseConf_CryptoEssentials);
            defaultConfigurationIsVisible = 0;
            defaultConfigurationName = Debug;
        };
        ___DebugConf_CryptoEssentials = {
            isa = XCBuildConfiguration;
            buildSettings = { LD_RUNPATH_SEARCH_PATHS = '$(TOOLCHAIN_DIR)/usr/lib/swift/macosx'; PRODUCT_MODULE_NAME = '$(TARGET_NAME:c99extidentifier)'; ENABLE_TESTABILITY = 'YES'; OTHER_SWIFT_FLAGS = '$(inherited)'; INFOPLIST_FILE = 'ws.xcodeproj/CryptoEssentials_Info.plist'; FRAMEWORK_SEARCH_PATHS = '$(PLATFORM_DIR)/Developer/Library/Frameworks'; SWIFT_OPTIMIZATION_LEVEL = '-Onone'; OTHER_LDFLAGS = '$(inherited)'; PRODUCT_NAME = '$(TARGET_NAME:c99extidentifier)'; };
            name = Debug;
        };
        _ReleaseConf_CryptoEssentials = {
            isa = XCBuildConfiguration;
            buildSettings = { LD_RUNPATH_SEARCH_PATHS = '$(TOOLCHAIN_DIR)/usr/lib/swift/macosx'; PRODUCT_MODULE_NAME = '$(TARGET_NAME:c99extidentifier)'; ENABLE_TESTABILITY = 'YES'; OTHER_SWIFT_FLAGS = '$(inherited)'; INFOPLIST_FILE = 'ws.xcodeproj/CryptoEssentials_Info.plist'; FRAMEWORK_SEARCH_PATHS = '$(PLATFORM_DIR)/Developer/Library/Frameworks'; OTHER_LDFLAGS = '$(inherited)'; PRODUCT_NAME = '$(TARGET_NAME:c99extidentifier)'; };
            name = Release;
        };
        __Dependency_CryptoEssentials = {
            isa = PBXTargetDependency;
            target = ______Target_CryptoEssentials;
        };
        __PBXFileRef_SHA1_Info.plist = {
            isa = PBXFileReference;
            lastKnownFileType = text.plist.xml;
            name = 'SHA1_Info.plist';
            path = 'ws.xcodeproj/SHA1_Info.plist';
            sourceTree = SOURCE_ROOT;
        };
        _______Group_SHA1 = {
            isa = PBXGroup;
            name = SHA1;
            path = 'Packages/SHA1-0.7.2/Sources';
            sourceTree = '<group>';
            children = ('__PBXFileRef_Packages/SHA1-0.7.2/Sources/SHA1.swift', __PBXFileRef_SHA1_Info.plist);
        };
        '__PBXFileRef_Packages/SHA1-0.7.2/Sources/SHA1.swift' = {
            isa = PBXFileReference;
            lastKnownFileType = sourcecode.swift;
            name = 'SHA1.swift';
            sourceTree = '<group>';
        };
        ______Target_SHA1 = {
            isa = PBXNativeTarget;
            buildConfigurationList = _______Confs_SHA1;
            buildPhases = (CompilePhase_SHA1, ___LinkPhase_SHA1);
            buildRules = ();
            dependencies = (__Dependency_CryptoEssentials);
            name = SHA1;
            productName = SHA1;
            productReference = _____Product_SHA1;
            productType = 'com.apple.product-type.framework';
        };
        _____Product_SHA1 = {
            isa = PBXFileReference;
            explicitFileType = 'wrapper.framework';
            path = 'SHA1.framework';
            sourceTree = BUILT_PRODUCTS_DIR;
        };
        CompilePhase_SHA1 = {
            isa = PBXSourcesBuildPhase;
            files = ('__src_cc_ref_Packages/SHA1-0.7.2/Sources/SHA1.swift');
            runOnlyForDeploymentPostprocessing = 0;
        };
        '__src_cc_ref_Packages/SHA1-0.7.2/Sources/SHA1.swift' = {
            isa = PBXBuildFile;
            fileRef = '__PBXFileRef_Packages/SHA1-0.7.2/Sources/SHA1.swift';
        };
        ___LinkPhase_SHA1 = {
            isa = PBXFrameworksBuildPhase;
            files = (_LinkFileRef_CryptoEssentials_via_SHA1);
            runOnlyForDeploymentPostprocessing = 0;
        };
        _LinkFileRef_CryptoEssentials_via_SHA1 = {
            isa = PBXBuildFile;
            fileRef = _____Product_CryptoEssentials;
        };
        _______Confs_SHA1 = {
            isa = XCConfigurationList;
            buildConfigurations = (___DebugConf_SHA1, _ReleaseConf_SHA1);
            defaultConfigurationIsVisible = 0;
            defaultConfigurationName = Debug;
        };
        ___DebugConf_SHA1 = {
            isa = XCBuildConfiguration;
            buildSettings = { LD_RUNPATH_SEARCH_PATHS = '$(TOOLCHAIN_DIR)/usr/lib/swift/macosx'; PRODUCT_MODULE_NAME = '$(TARGET_NAME:c99extidentifier)'; ENABLE_TESTABILITY = 'YES'; OTHER_SWIFT_FLAGS = '$(inherited)'; INFOPLIST_FILE = 'ws.xcodeproj/SHA1_Info.plist'; FRAMEWORK_SEARCH_PATHS = '$(PLATFORM_DIR)/Developer/Library/Frameworks'; SWIFT_OPTIMIZATION_LEVEL = '-Onone'; OTHER_LDFLAGS = '$(inherited)'; PRODUCT_NAME = '$(TARGET_NAME:c99extidentifier)'; };
            name = Debug;
        };
        _ReleaseConf_SHA1 = {
            isa = XCBuildConfiguration;
            buildSettings = { LD_RUNPATH_SEARCH_PATHS = '$(TOOLCHAIN_DIR)/usr/lib/swift/macosx'; PRODUCT_MODULE_NAME = '$(TARGET_NAME:c99extidentifier)'; ENABLE_TESTABILITY = 'YES'; OTHER_SWIFT_FLAGS = '$(inherited)'; INFOPLIST_FILE = 'ws.xcodeproj/SHA1_Info.plist'; FRAMEWORK_SEARCH_PATHS = '$(PLATFORM_DIR)/Developer/Library/Frameworks'; OTHER_LDFLAGS = '$(inherited)'; PRODUCT_NAME = '$(TARGET_NAME:c99extidentifier)'; };
            name = Release;
        };
        __Dependency_SHA1 = {
            isa = PBXTargetDependency;
            target = ______Target_SHA1;
        };
        __PBXFileRef_SwiftSockets_Info.plist = {
            isa = PBXFileReference;
            lastKnownFileType = text.plist.xml;
            name = 'SwiftSockets_Info.plist';
            path = 'ws.xcodeproj/SwiftSockets_Info.plist';
            sourceTree = SOURCE_ROOT;
        };
        _______Group_SwiftSockets = {
            isa = PBXGroup;
            name = SwiftSockets;
            path = 'Packages/SwiftSockets-0.22.8/Sources/SwiftSockets';
            sourceTree = '<group>';
            children = ('__PBXFileRef_Packages/SwiftSockets-0.22.8/Sources/SwiftSockets/ActiveSocket.swift', '__PBXFileRef_Packages/SwiftSockets-0.22.8/Sources/SwiftSockets/DNS.swift', '__PBXFileRef_Packages/SwiftSockets-0.22.8/Sources/SwiftSockets/FileDescriptor.swift', '__PBXFileRef_Packages/SwiftSockets-0.22.8/Sources/SwiftSockets/PassiveSocket.swift', '__PBXFileRef_Packages/SwiftSockets-0.22.8/Sources/SwiftSockets/sockaddr_any.swift', '__PBXFileRef_Packages/SwiftSockets-0.22.8/Sources/SwiftSockets/Socket.swift', '__PBXFileRef_Packages/SwiftSockets-0.22.8/Sources/SwiftSockets/SocketAddress.swift', '__PBXFileRef_Packages/SwiftSockets-0.22.8/Sources/SwiftSockets/UnixUtils.swift', '__PBXFileRef_Packages/SwiftSockets-0.22.8/Sources/SwiftSockets/xsys.swift', __PBXFileRef_SwiftSockets_Info.plist);
        };
        '__PBXFileRef_Packages/SwiftSockets-0.22.8/Sources/SwiftSockets/ActiveSocket.swift' = {
            isa = PBXFileReference;
            lastKnownFileType = sourcecode.swift;
            name = 'ActiveSocket.swift';
            sourceTree = '<group>';
        };
        '__PBXFileRef_Packages/SwiftSockets-0.22.8/Sources/SwiftSockets/DNS.swift' = {
            isa = PBXFileReference;
            lastKnownFileType = sourcecode.swift;
            name = 'DNS.swift';
            sourceTree = '<group>';
        };
        '__PBXFileRef_Packages/SwiftSockets-0.22.8/Sources/SwiftSockets/FileDescriptor.swift' = {
            isa = PBXFileReference;
            lastKnownFileType = sourcecode.swift;
            name = 'FileDescriptor.swift';
            sourceTree = '<group>';
        };
        '__PBXFileRef_Packages/SwiftSockets-0.22.8/Sources/SwiftSockets/PassiveSocket.swift' = {
            isa = PBXFileReference;
            lastKnownFileType = sourcecode.swift;
            name = 'PassiveSocket.swift';
            sourceTree = '<group>';
        };
        '__PBXFileRef_Packages/SwiftSockets-0.22.8/Sources/SwiftSockets/sockaddr_any.swift' = {
            isa = PBXFileReference;
            lastKnownFileType = sourcecode.swift;
            name = 'sockaddr_any.swift';
            sourceTree = '<group>';
        };
        '__PBXFileRef_Packages/SwiftSockets-0.22.8/Sources/SwiftSockets/Socket.swift' = {
            isa = PBXFileReference;
            lastKnownFileType = sourcecode.swift;
            name = 'Socket.swift';
            sourceTree = '<group>';
        };
        '__PBXFileRef_Packages/SwiftSockets-0.22.8/Sources/SwiftSockets/SocketAddress.swift' = {
            isa = PBXFileReference;
            lastKnownFileType = sourcecode.swift;
            name = 'SocketAddress.swift';
            sourceTree = '<group>';
        };
        '__PBXFileRef_Packages/SwiftSockets-0.22.8/Sources/SwiftSockets/UnixUtils.swift' = {
            isa = PBXFileReference;
            lastKnownFileType = sourcecode.swift;
            name = 'UnixUtils.swift';
            sourceTree = '<group>';
        };
        '__PBXFileRef_Packages/SwiftSockets-0.22.8/Sources/SwiftSockets/xsys.swift' = {
            isa = PBXFileReference;
            lastKnownFileType = sourcecode.swift;
            name = 'xsys.swift';
            sourceTree = '<group>';
        };
        ______Target_SwiftSockets = {
            isa = PBXNativeTarget;
            buildConfigurationList = _______Confs_SwiftSockets;
            buildPhases = (CompilePhase_SwiftSockets, ___LinkPhase_SwiftSockets);
            buildRules = ();
            dependencies = ();
            name = SwiftSockets;
            productName = SwiftSockets;
            productReference = _____Product_SwiftSockets;
            productType = 'com.apple.product-type.framework';
        };
        _____Product_SwiftSockets = {
            isa = PBXFileReference;
            explicitFileType = 'wrapper.framework';
            path = 'SwiftSockets.framework';
            sourceTree = BUILT_PRODUCTS_DIR;
        };
        CompilePhase_SwiftSockets = {
            isa = PBXSourcesBuildPhase;
            files = ('__src_cc_ref_Packages/SwiftSockets-0.22.8/Sources/SwiftSockets/ActiveSocket.swift', '__src_cc_ref_Packages/SwiftSockets-0.22.8/Sources/SwiftSockets/DNS.swift', '__src_cc_ref_Packages/SwiftSockets-0.22.8/Sources/SwiftSockets/FileDescriptor.swift', '__src_cc_ref_Packages/SwiftSockets-0.22.8/Sources/SwiftSockets/PassiveSocket.swift', '__src_cc_ref_Packages/SwiftSockets-0.22.8/Sources/SwiftSockets/sockaddr_any.swift', '__src_cc_ref_Packages/SwiftSockets-0.22.8/Sources/SwiftSockets/Socket.swift', '__src_cc_ref_Packages/SwiftSockets-0.22.8/Sources/SwiftSockets/SocketAddress.swift', '__src_cc_ref_Packages/SwiftSockets-0.22.8/Sources/SwiftSockets/UnixUtils.swift', '__src_cc_ref_Packages/SwiftSockets-0.22.8/Sources/SwiftSockets/xsys.swift');
            runOnlyForDeploymentPostprocessing = 0;
        };
        '__src_cc_ref_Packages/SwiftSockets-0.22.8/Sources/SwiftSockets/ActiveSocket.swift' = {
            isa = PBXBuildFile;
            fileRef = '__PBXFileRef_Packages/SwiftSockets-0.22.8/Sources/SwiftSockets/ActiveSocket.swift';
        };
        '__src_cc_ref_Packages/SwiftSockets-0.22.8/Sources/SwiftSockets/DNS.swift' = {
            isa = PBXBuildFile;
            fileRef = '__PBXFileRef_Packages/SwiftSockets-0.22.8/Sources/SwiftSockets/DNS.swift';
        };
        '__src_cc_ref_Packages/SwiftSockets-0.22.8/Sources/SwiftSockets/FileDescriptor.swift' = {
            isa = PBXBuildFile;
            fileRef = '__PBXFileRef_Packages/SwiftSockets-0.22.8/Sources/SwiftSockets/FileDescriptor.swift';
        };
        '__src_cc_ref_Packages/SwiftSockets-0.22.8/Sources/SwiftSockets/PassiveSocket.swift' = {
            isa = PBXBuildFile;
            fileRef = '__PBXFileRef_Packages/SwiftSockets-0.22.8/Sources/SwiftSockets/PassiveSocket.swift';
        };
        '__src_cc_ref_Packages/SwiftSockets-0.22.8/Sources/SwiftSockets/sockaddr_any.swift' = {
            isa = PBXBuildFile;
            fileRef = '__PBXFileRef_Packages/SwiftSockets-0.22.8/Sources/SwiftSockets/sockaddr_any.swift';
        };
        '__src_cc_ref_Packages/SwiftSockets-0.22.8/Sources/SwiftSockets/Socket.swift' = {
            isa = PBXBuildFile;
            fileRef = '__PBXFileRef_Packages/SwiftSockets-0.22.8/Sources/SwiftSockets/Socket.swift';
        };
        '__src_cc_ref_Packages/SwiftSockets-0.22.8/Sources/SwiftSockets/SocketAddress.swift' = {
            isa = PBXBuildFile;
            fileRef = '__PBXFileRef_Packages/SwiftSockets-0.22.8/Sources/SwiftSockets/SocketAddress.swift';
        };
        '__src_cc_ref_Packages/SwiftSockets-0.22.8/Sources/SwiftSockets/UnixUtils.swift' = {
            isa = PBXBuildFile;
            fileRef = '__PBXFileRef_Packages/SwiftSockets-0.22.8/Sources/SwiftSockets/UnixUtils.swift';
        };
        '__src_cc_ref_Packages/SwiftSockets-0.22.8/Sources/SwiftSockets/xsys.swift' = {
            isa = PBXBuildFile;
            fileRef = '__PBXFileRef_Packages/SwiftSockets-0.22.8/Sources/SwiftSockets/xsys.swift';
        };
        ___LinkPhase_SwiftSockets = {
            isa = PBXFrameworksBuildPhase;
            files = ();
            runOnlyForDeploymentPostprocessing = 0;
        };
        _______Confs_SwiftSockets = {
            isa = XCConfigurationList;
            buildConfigurations = (___DebugConf_SwiftSockets, _ReleaseConf_SwiftSockets);
            defaultConfigurationIsVisible = 0;
            defaultConfigurationName = Debug;
        };
        ___DebugConf_SwiftSockets = {
            isa = XCBuildConfiguration;
            buildSettings = { LD_RUNPATH_SEARCH_PATHS = '$(TOOLCHAIN_DIR)/usr/lib/swift/macosx'; PRODUCT_MODULE_NAME = '$(TARGET_NAME:c99extidentifier)'; ENABLE_TESTABILITY = 'YES'; OTHER_SWIFT_FLAGS = '$(inherited)'; INFOPLIST_FILE = 'ws.xcodeproj/SwiftSockets_Info.plist'; FRAMEWORK_SEARCH_PATHS = '$(PLATFORM_DIR)/Developer/Library/Frameworks'; SWIFT_OPTIMIZATION_LEVEL = '-Onone'; OTHER_LDFLAGS = '$(inherited)'; PRODUCT_NAME = '$(TARGET_NAME:c99extidentifier)'; };
            name = Debug;
        };
        _ReleaseConf_SwiftSockets = {
            isa = XCBuildConfiguration;
            buildSettings = { LD_RUNPATH_SEARCH_PATHS = '$(TOOLCHAIN_DIR)/usr/lib/swift/macosx'; PRODUCT_MODULE_NAME = '$(TARGET_NAME:c99extidentifier)'; ENABLE_TESTABILITY = 'YES'; OTHER_SWIFT_FLAGS = '$(inherited)'; INFOPLIST_FILE = 'ws.xcodeproj/SwiftSockets_Info.plist'; FRAMEWORK_SEARCH_PATHS = '$(PLATFORM_DIR)/Developer/Library/Frameworks'; OTHER_LDFLAGS = '$(inherited)'; PRODUCT_NAME = '$(TARGET_NAME:c99extidentifier)'; };
            name = Release;
        };
        __Dependency_SwiftSockets = {
            isa = PBXTargetDependency;
            target = ______Target_SwiftSockets;
        };
        _______Group_SwiftyEchoDaemon = {
            isa = PBXGroup;
            name = SwiftyEchoDaemon;
            path = 'Packages/SwiftSockets-0.22.8/Sources/SwiftyEchoDaemon';
            sourceTree = '<group>';
            children = ('__PBXFileRef_Packages/SwiftSockets-0.22.8/Sources/SwiftyEchoDaemon/EchoServer.swift', '__PBXFileRef_Packages/SwiftSockets-0.22.8/Sources/SwiftyEchoDaemon/main.swift');
        };
        '__PBXFileRef_Packages/SwiftSockets-0.22.8/Sources/SwiftyEchoDaemon/EchoServer.swift' = {
            isa = PBXFileReference;
            lastKnownFileType = sourcecode.swift;
            name = 'EchoServer.swift';
            sourceTree = '<group>';
        };
        '__PBXFileRef_Packages/SwiftSockets-0.22.8/Sources/SwiftyEchoDaemon/main.swift' = {
            isa = PBXFileReference;
            lastKnownFileType = sourcecode.swift;
            name = 'main.swift';
            sourceTree = '<group>';
        };
        ______Target_SwiftyEchoDaemon = {
            isa = PBXNativeTarget;
            buildConfigurationList = _______Confs_SwiftyEchoDaemon;
            buildPhases = (CompilePhase_SwiftyEchoDaemon, ___LinkPhase_SwiftyEchoDaemon);
            buildRules = ();
            dependencies = (__Dependency_SwiftSockets);
            name = SwiftyEchoDaemon;
            productName = SwiftyEchoDaemon;
            productReference = _____Product_SwiftyEchoDaemon;
            productType = 'com.apple.product-type.tool';
        };
        _____Product_SwiftyEchoDaemon = {
            isa = PBXFileReference;
            explicitFileType = 'compiled.mach-o.executable';
            path = 'SwiftyEchoDaemon';
            sourceTree = BUILT_PRODUCTS_DIR;
        };
        CompilePhase_SwiftyEchoDaemon = {
            isa = PBXSourcesBuildPhase;
            files = ('__src_cc_ref_Packages/SwiftSockets-0.22.8/Sources/SwiftyEchoDaemon/EchoServer.swift', '__src_cc_ref_Packages/SwiftSockets-0.22.8/Sources/SwiftyEchoDaemon/main.swift');
            runOnlyForDeploymentPostprocessing = 0;
        };
        '__src_cc_ref_Packages/SwiftSockets-0.22.8/Sources/SwiftyEchoDaemon/EchoServer.swift' = {
            isa = PBXBuildFile;
            fileRef = '__PBXFileRef_Packages/SwiftSockets-0.22.8/Sources/SwiftyEchoDaemon/EchoServer.swift';
        };
        '__src_cc_ref_Packages/SwiftSockets-0.22.8/Sources/SwiftyEchoDaemon/main.swift' = {
            isa = PBXBuildFile;
            fileRef = '__PBXFileRef_Packages/SwiftSockets-0.22.8/Sources/SwiftyEchoDaemon/main.swift';
        };
        ___LinkPhase_SwiftyEchoDaemon = {
            isa = PBXFrameworksBuildPhase;
            files = (_LinkFileRef_SwiftSockets_via_SwiftyEchoDaemon);
            runOnlyForDeploymentPostprocessing = 0;
        };
        _LinkFileRef_SwiftSockets_via_SwiftyEchoDaemon = {
            isa = PBXBuildFile;
            fileRef = _____Product_SwiftSockets;
        };
        _______Confs_SwiftyEchoDaemon = {
            isa = XCConfigurationList;
            buildConfigurations = (___DebugConf_SwiftyEchoDaemon, _ReleaseConf_SwiftyEchoDaemon);
            defaultConfigurationIsVisible = 0;
            defaultConfigurationName = Debug;
        };
        ___DebugConf_SwiftyEchoDaemon = {
            isa = XCBuildConfiguration;
            buildSettings = { LD_RUNPATH_SEARCH_PATHS = '$(TOOLCHAIN_DIR)/usr/lib/swift/macosx @executable_path'; FRAMEWORK_SEARCH_PATHS = '$(PLATFORM_DIR)/Developer/Library/Frameworks'; OTHER_SWIFT_FLAGS = '$(inherited)'; SWIFT_FORCE_STATIC_LINK_STDLIB = 'NO'; SWIFT_FORCE_DYNAMIC_LINK_STDLIB = 'YES'; SWIFT_OPTIMIZATION_LEVEL = '-Onone'; OTHER_LDFLAGS = '$(inherited)'; };
            name = Debug;
        };
        _ReleaseConf_SwiftyEchoDaemon = {
            isa = XCBuildConfiguration;
            buildSettings = { OTHER_SWIFT_FLAGS = '$(inherited)'; LD_RUNPATH_SEARCH_PATHS = '$(TOOLCHAIN_DIR)/usr/lib/swift/macosx @executable_path'; FRAMEWORK_SEARCH_PATHS = '$(PLATFORM_DIR)/Developer/Library/Frameworks'; SWIFT_FORCE_STATIC_LINK_STDLIB = 'NO'; SWIFT_FORCE_DYNAMIC_LINK_STDLIB = 'YES'; OTHER_LDFLAGS = '$(inherited)'; };
            name = Release;
        };
        __Dependency_SwiftyEchoDaemon = {
            isa = PBXTargetDependency;
            target = ______Target_SwiftyEchoDaemon;
        };
        __PBXFileRef_Adler_Info.plist = {
            isa = PBXFileReference;
            lastKnownFileType = text.plist.xml;
            name = 'Adler_Info.plist';
            path = 'ws.xcodeproj/Adler_Info.plist';
            sourceTree = SOURCE_ROOT;
        };
        _______Group_Adler = {
            isa = PBXGroup;
            name = Adler;
            path = 'Sources/Adler';
            sourceTree = '<group>';
            children = ('__PBXFileRef_Sources/Adler/adler32.swift', __PBXFileRef_Adler_Info.plist);
        };
        '__PBXFileRef_Sources/Adler/adler32.swift' = {
            isa = PBXFileReference;
            lastKnownFileType = sourcecode.swift;
            name = 'adler32.swift';
            sourceTree = '<group>';
        };
        ______Target_Adler = {
            isa = PBXNativeTarget;
            buildConfigurationList = _______Confs_Adler;
            buildPhases = (CompilePhase_Adler, ___LinkPhase_Adler);
            buildRules = ();
            dependencies = (__Dependency_CryptoEssentials, __Dependency_C7, __Dependency_SwiftSockets, __Dependency_SHA1, __Dependency_Base64);
            name = Adler;
            productName = Adler;
            productReference = _____Product_Adler;
            productType = 'com.apple.product-type.framework';
        };
        _____Product_Adler = {
            isa = PBXFileReference;
            explicitFileType = 'wrapper.framework';
            path = 'Adler.framework';
            sourceTree = BUILT_PRODUCTS_DIR;
        };
        CompilePhase_Adler = {
            isa = PBXSourcesBuildPhase;
            files = ('__src_cc_ref_Sources/Adler/adler32.swift');
            runOnlyForDeploymentPostprocessing = 0;
        };
        '__src_cc_ref_Sources/Adler/adler32.swift' = {
            isa = PBXBuildFile;
            fileRef = '__PBXFileRef_Sources/Adler/adler32.swift';
        };
        ___LinkPhase_Adler = {
            isa = PBXFrameworksBuildPhase;
            files = (_LinkFileRef_CryptoEssentials_via_Adler, _LinkFileRef_C7_via_Adler, _LinkFileRef_SwiftSockets_via_Adler, _LinkFileRef_SHA1_via_Adler, _LinkFileRef_Base64_via_Adler);
            runOnlyForDeploymentPostprocessing = 0;
        };
        _LinkFileRef_CryptoEssentials_via_Adler = {
            isa = PBXBuildFile;
            fileRef = _____Product_CryptoEssentials;
        };
        _LinkFileRef_C7_via_Adler = {
            isa = PBXBuildFile;
            fileRef = _____Product_C7;
        };
        _LinkFileRef_SwiftSockets_via_Adler = {
            isa = PBXBuildFile;
            fileRef = _____Product_SwiftSockets;
        };
        _LinkFileRef_SHA1_via_Adler = {
            isa = PBXBuildFile;
            fileRef = _____Product_SHA1;
        };
        _LinkFileRef_Base64_via_Adler = {
            isa = PBXBuildFile;
            fileRef = _____Product_Base64;
        };
        _______Confs_Adler = {
            isa = XCConfigurationList;
            buildConfigurations = (___DebugConf_Adler, _ReleaseConf_Adler);
            defaultConfigurationIsVisible = 0;
            defaultConfigurationName = Debug;
        };
        ___DebugConf_Adler = {
            isa = XCBuildConfiguration;
            buildSettings = { LD_RUNPATH_SEARCH_PATHS = '$(TOOLCHAIN_DIR)/usr/lib/swift/macosx'; PRODUCT_MODULE_NAME = '$(TARGET_NAME:c99extidentifier)'; ENABLE_TESTABILITY = 'YES'; OTHER_SWIFT_FLAGS = '$(inherited)'; INFOPLIST_FILE = 'ws.xcodeproj/Adler_Info.plist'; FRAMEWORK_SEARCH_PATHS = '$(PLATFORM_DIR)/Developer/Library/Frameworks'; SWIFT_OPTIMIZATION_LEVEL = '-Onone'; OTHER_LDFLAGS = '$(inherited)'; PRODUCT_NAME = '$(TARGET_NAME:c99extidentifier)'; };
            name = Debug;
        };
        _ReleaseConf_Adler = {
            isa = XCBuildConfiguration;
            buildSettings = { LD_RUNPATH_SEARCH_PATHS = '$(TOOLCHAIN_DIR)/usr/lib/swift/macosx'; PRODUCT_MODULE_NAME = '$(TARGET_NAME:c99extidentifier)'; ENABLE_TESTABILITY = 'YES'; OTHER_SWIFT_FLAGS = '$(inherited)'; INFOPLIST_FILE = 'ws.xcodeproj/Adler_Info.plist'; FRAMEWORK_SEARCH_PATHS = '$(PLATFORM_DIR)/Developer/Library/Frameworks'; OTHER_LDFLAGS = '$(inherited)'; PRODUCT_NAME = '$(TARGET_NAME:c99extidentifier)'; };
            name = Release;
        };
        __Dependency_Adler = {
            isa = PBXTargetDependency;
            target = ______Target_Adler;
        };
        __PBXFileRef_CWSocketsServer_Info.plist = {
            isa = PBXFileReference;
            lastKnownFileType = text.plist.xml;
            name = 'CWSocketsServer_Info.plist';
            path = 'ws.xcodeproj/CWSocketsServer_Info.plist';
            sourceTree = SOURCE_ROOT;
        };
        _______Group_CWSocketsServer = {
            isa = PBXGroup;
            name = CWSocketsServer;
            path = 'Sources/CWSocketsServer';
            sourceTree = '<group>';
            children = ('__PBXFileRef_Sources/CWSocketsServer/ByteBuffer.swift', '__PBXFileRef_Sources/CWSocketsServer/CWConnection.swift', '__PBXFileRef_Sources/CWSocketsServer/CWSmartByteBuffer.swift', '__PBXFileRef_Sources/CWSocketsServer/CWSocket.swift', '__PBXFileRef_Sources/CWSocketsServer/CWSocketClient.swift', '__PBXFileRef_Sources/CWSocketsServer/CWSocketServer.swift', '__PBXFileRef_Sources/CWSocketsServer/POSIXError.swift', __PBXFileRef_CWSocketsServer_Info.plist);
        };
        '__PBXFileRef_Sources/CWSocketsServer/ByteBuffer.swift' = {
            isa = PBXFileReference;
            lastKnownFileType = sourcecode.swift;
            name = 'ByteBuffer.swift';
            sourceTree = '<group>';
        };
        '__PBXFileRef_Sources/CWSocketsServer/CWConnection.swift' = {
            isa = PBXFileReference;
            lastKnownFileType = sourcecode.swift;
            name = 'CWConnection.swift';
            sourceTree = '<group>';
        };
        '__PBXFileRef_Sources/CWSocketsServer/CWSmartByteBuffer.swift' = {
            isa = PBXFileReference;
            lastKnownFileType = sourcecode.swift;
            name = 'CWSmartByteBuffer.swift';
            sourceTree = '<group>';
        };
        '__PBXFileRef_Sources/CWSocketsServer/CWSocket.swift' = {
            isa = PBXFileReference;
            lastKnownFileType = sourcecode.swift;
            name = 'CWSocket.swift';
            sourceTree = '<group>';
        };
        '__PBXFileRef_Sources/CWSocketsServer/CWSocketClient.swift' = {
            isa = PBXFileReference;
            lastKnownFileType = sourcecode.swift;
            name = 'CWSocketClient.swift';
            sourceTree = '<group>';
        };
        '__PBXFileRef_Sources/CWSocketsServer/CWSocketServer.swift' = {
            isa = PBXFileReference;
            lastKnownFileType = sourcecode.swift;
            name = 'CWSocketServer.swift';
            sourceTree = '<group>';
        };
        '__PBXFileRef_Sources/CWSocketsServer/POSIXError.swift' = {
            isa = PBXFileReference;
            lastKnownFileType = sourcecode.swift;
            name = 'POSIXError.swift';
            sourceTree = '<group>';
        };
        ______Target_CWSocketsServer = {
            isa = PBXNativeTarget;
            buildConfigurationList = _______Confs_CWSocketsServer;
            buildPhases = (CompilePhase_CWSocketsServer, ___LinkPhase_CWSocketsServer);
            buildRules = ();
            dependencies = (__Dependency_CryptoEssentials, __Dependency_C7, __Dependency_SwiftSockets, __Dependency_SHA1, __Dependency_Base64);
            name = CWSocketsServer;
            productName = CWSocketsServer;
            productReference = _____Product_CWSocketsServer;
            productType = 'com.apple.product-type.framework';
        };
        _____Product_CWSocketsServer = {
            isa = PBXFileReference;
            explicitFileType = 'wrapper.framework';
            path = 'CWSocketsServer.framework';
            sourceTree = BUILT_PRODUCTS_DIR;
        };
        CompilePhase_CWSocketsServer = {
            isa = PBXSourcesBuildPhase;
            files = ('__src_cc_ref_Sources/CWSocketsServer/ByteBuffer.swift', '__src_cc_ref_Sources/CWSocketsServer/CWConnection.swift', '__src_cc_ref_Sources/CWSocketsServer/CWSmartByteBuffer.swift', '__src_cc_ref_Sources/CWSocketsServer/CWSocket.swift', '__src_cc_ref_Sources/CWSocketsServer/CWSocketClient.swift', '__src_cc_ref_Sources/CWSocketsServer/CWSocketServer.swift', '__src_cc_ref_Sources/CWSocketsServer/POSIXError.swift');
            runOnlyForDeploymentPostprocessing = 0;
        };
        '__src_cc_ref_Sources/CWSocketsServer/ByteBuffer.swift' = {
            isa = PBXBuildFile;
            fileRef = '__PBXFileRef_Sources/CWSocketsServer/ByteBuffer.swift';
        };
        '__src_cc_ref_Sources/CWSocketsServer/CWConnection.swift' = {
            isa = PBXBuildFile;
            fileRef = '__PBXFileRef_Sources/CWSocketsServer/CWConnection.swift';
        };
        '__src_cc_ref_Sources/CWSocketsServer/CWSmartByteBuffer.swift' = {
            isa = PBXBuildFile;
            fileRef = '__PBXFileRef_Sources/CWSocketsServer/CWSmartByteBuffer.swift';
        };
        '__src_cc_ref_Sources/CWSocketsServer/CWSocket.swift' = {
            isa = PBXBuildFile;
            fileRef = '__PBXFileRef_Sources/CWSocketsServer/CWSocket.swift';
        };
        '__src_cc_ref_Sources/CWSocketsServer/CWSocketClient.swift' = {
            isa = PBXBuildFile;
            fileRef = '__PBXFileRef_Sources/CWSocketsServer/CWSocketClient.swift';
        };
        '__src_cc_ref_Sources/CWSocketsServer/CWSocketServer.swift' = {
            isa = PBXBuildFile;
            fileRef = '__PBXFileRef_Sources/CWSocketsServer/CWSocketServer.swift';
        };
        '__src_cc_ref_Sources/CWSocketsServer/POSIXError.swift' = {
            isa = PBXBuildFile;
            fileRef = '__PBXFileRef_Sources/CWSocketsServer/POSIXError.swift';
        };
        ___LinkPhase_CWSocketsServer = {
            isa = PBXFrameworksBuildPhase;
            files = (_LinkFileRef_CryptoEssentials_via_CWSocketsServer, _LinkFileRef_C7_via_CWSocketsServer, _LinkFileRef_SwiftSockets_via_CWSocketsServer, _LinkFileRef_SHA1_via_CWSocketsServer, _LinkFileRef_Base64_via_CWSocketsServer);
            runOnlyForDeploymentPostprocessing = 0;
        };
        _LinkFileRef_CryptoEssentials_via_CWSocketsServer = {
            isa = PBXBuildFile;
            fileRef = _____Product_CryptoEssentials;
        };
        _LinkFileRef_C7_via_CWSocketsServer = {
            isa = PBXBuildFile;
            fileRef = _____Product_C7;
        };
        _LinkFileRef_SwiftSockets_via_CWSocketsServer = {
            isa = PBXBuildFile;
            fileRef = _____Product_SwiftSockets;
        };
        _LinkFileRef_SHA1_via_CWSocketsServer = {
            isa = PBXBuildFile;
            fileRef = _____Product_SHA1;
        };
        _LinkFileRef_Base64_via_CWSocketsServer = {
            isa = PBXBuildFile;
            fileRef = _____Product_Base64;
        };
        _______Confs_CWSocketsServer = {
            isa = XCConfigurationList;
            buildConfigurations = (___DebugConf_CWSocketsServer, _ReleaseConf_CWSocketsServer);
            defaultConfigurationIsVisible = 0;
            defaultConfigurationName = Debug;
        };
        ___DebugConf_CWSocketsServer = {
            isa = XCBuildConfiguration;
            buildSettings = { LD_RUNPATH_SEARCH_PATHS = '$(TOOLCHAIN_DIR)/usr/lib/swift/macosx'; PRODUCT_MODULE_NAME = '$(TARGET_NAME:c99extidentifier)'; ENABLE_TESTABILITY = 'YES'; OTHER_SWIFT_FLAGS = '$(inherited)'; INFOPLIST_FILE = 'ws.xcodeproj/CWSocketsServer_Info.plist'; FRAMEWORK_SEARCH_PATHS = '$(PLATFORM_DIR)/Developer/Library/Frameworks'; SWIFT_OPTIMIZATION_LEVEL = '-Onone'; OTHER_LDFLAGS = '$(inherited)'; PRODUCT_NAME = '$(TARGET_NAME:c99extidentifier)'; };
            name = Debug;
        };
        _ReleaseConf_CWSocketsServer = {
            isa = XCBuildConfiguration;
            buildSettings = { LD_RUNPATH_SEARCH_PATHS = '$(TOOLCHAIN_DIR)/usr/lib/swift/macosx'; PRODUCT_MODULE_NAME = '$(TARGET_NAME:c99extidentifier)'; ENABLE_TESTABILITY = 'YES'; OTHER_SWIFT_FLAGS = '$(inherited)'; INFOPLIST_FILE = 'ws.xcodeproj/CWSocketsServer_Info.plist'; FRAMEWORK_SEARCH_PATHS = '$(PLATFORM_DIR)/Developer/Library/Frameworks'; OTHER_LDFLAGS = '$(inherited)'; PRODUCT_NAME = '$(TARGET_NAME:c99extidentifier)'; };
            name = Release;
        };
        __Dependency_CWSocketsServer = {
            isa = PBXTargetDependency;
            target = ______Target_CWSocketsServer;
        };
        _______Group_swift_ws = {
            isa = PBXGroup;
            name = swift-ws;
            path = 'Sources/swift-ws';
            sourceTree = '<group>';
            children = ('__PBXFileRef_Sources/swift-ws/main.swift', '__PBXFileRef_Sources/swift-ws/WebSocketFrame.swift', '__PBXFileRef_Sources/swift-ws/WebSocketServer.swift');
        };
        '__PBXFileRef_Sources/swift-ws/main.swift' = {
            isa = PBXFileReference;
            lastKnownFileType = sourcecode.swift;
            name = 'main.swift';
            sourceTree = '<group>';
        };
        '__PBXFileRef_Sources/swift-ws/WebSocketFrame.swift' = {
            isa = PBXFileReference;
            lastKnownFileType = sourcecode.swift;
            name = 'WebSocketFrame.swift';
            sourceTree = '<group>';
        };
        '__PBXFileRef_Sources/swift-ws/WebSocketServer.swift' = {
            isa = PBXFileReference;
            lastKnownFileType = sourcecode.swift;
            name = 'WebSocketServer.swift';
            sourceTree = '<group>';
        };
        ______Target_swift_ws = {
            isa = PBXNativeTarget;
            buildConfigurationList = _______Confs_swift_ws;
            buildPhases = (CompilePhase_swift_ws, ___LinkPhase_swift_ws);
            buildRules = ();
            dependencies = (__Dependency_CryptoEssentials, __Dependency_C7, __Dependency_SwiftSockets, __Dependency_SHA1, __Dependency_Base64, __Dependency_Adler, __Dependency_TwoHundredHelpers, __Dependency_CWSocketsServer);
            name = swift-ws;
            productName = swift_ws;
            productReference = _____Product_swift_ws;
            productType = 'com.apple.product-type.tool';
        };
        _____Product_swift_ws = {
            isa = PBXFileReference;
            explicitFileType = 'compiled.mach-o.executable';
            path = 'swift-ws';
            sourceTree = BUILT_PRODUCTS_DIR;
        };
        CompilePhase_swift_ws = {
            isa = PBXSourcesBuildPhase;
            files = ('__src_cc_ref_Sources/swift-ws/main.swift', '__src_cc_ref_Sources/swift-ws/WebSocketFrame.swift', '__src_cc_ref_Sources/swift-ws/WebSocketServer.swift');
            runOnlyForDeploymentPostprocessing = 0;
        };
        '__src_cc_ref_Sources/swift-ws/main.swift' = {
            isa = PBXBuildFile;
            fileRef = '__PBXFileRef_Sources/swift-ws/main.swift';
        };
        '__src_cc_ref_Sources/swift-ws/WebSocketFrame.swift' = {
            isa = PBXBuildFile;
            fileRef = '__PBXFileRef_Sources/swift-ws/WebSocketFrame.swift';
        };
        '__src_cc_ref_Sources/swift-ws/WebSocketServer.swift' = {
            isa = PBXBuildFile;
            fileRef = '__PBXFileRef_Sources/swift-ws/WebSocketServer.swift';
        };
        ___LinkPhase_swift_ws = {
            isa = PBXFrameworksBuildPhase;
            files = (_LinkFileRef_CryptoEssentials_via_swift_ws, _LinkFileRef_C7_via_swift_ws, _LinkFileRef_SwiftSockets_via_swift_ws, _LinkFileRef_SHA1_via_swift_ws, _LinkFileRef_Base64_via_swift_ws, _LinkFileRef_Adler_via_swift_ws, _LinkFileRef_TwoHundredHelpers_via_swift_ws, _LinkFileRef_CWSocketsServer_via_swift_ws);
            runOnlyForDeploymentPostprocessing = 0;
        };
        _LinkFileRef_CryptoEssentials_via_swift_ws = {
            isa = PBXBuildFile;
            fileRef = _____Product_CryptoEssentials;
        };
        _LinkFileRef_C7_via_swift_ws = {
            isa = PBXBuildFile;
            fileRef = _____Product_C7;
        };
        _LinkFileRef_SwiftSockets_via_swift_ws = {
            isa = PBXBuildFile;
            fileRef = _____Product_SwiftSockets;
        };
        _LinkFileRef_SHA1_via_swift_ws = {
            isa = PBXBuildFile;
            fileRef = _____Product_SHA1;
        };
        _LinkFileRef_Base64_via_swift_ws = {
            isa = PBXBuildFile;
            fileRef = _____Product_Base64;
        };
        _LinkFileRef_Adler_via_swift_ws = {
            isa = PBXBuildFile;
            fileRef = _____Product_Adler;
        };
        _LinkFileRef_TwoHundredHelpers_via_swift_ws = {
            isa = PBXBuildFile;
            fileRef = _____Product_TwoHundredHelpers;
        };
        _LinkFileRef_CWSocketsServer_via_swift_ws = {
            isa = PBXBuildFile;
            fileRef = _____Product_CWSocketsServer;
        };
        _______Confs_swift_ws = {
            isa = XCConfigurationList;
            buildConfigurations = (___DebugConf_swift_ws, _ReleaseConf_swift_ws);
            defaultConfigurationIsVisible = 0;
            defaultConfigurationName = Debug;
        };
        ___DebugConf_swift_ws = {
            isa = XCBuildConfiguration;
            buildSettings = { LD_RUNPATH_SEARCH_PATHS = '$(TOOLCHAIN_DIR)/usr/lib/swift/macosx @executable_path'; FRAMEWORK_SEARCH_PATHS = '$(PLATFORM_DIR)/Developer/Library/Frameworks'; OTHER_SWIFT_FLAGS = '$(inherited)'; SWIFT_FORCE_STATIC_LINK_STDLIB = 'NO'; SWIFT_FORCE_DYNAMIC_LINK_STDLIB = 'YES'; SWIFT_OPTIMIZATION_LEVEL = '-Onone'; OTHER_LDFLAGS = '$(inherited)'; };
            name = Debug;
        };
        _ReleaseConf_swift_ws = {
            isa = XCBuildConfiguration;
            buildSettings = { OTHER_SWIFT_FLAGS = '$(inherited)'; LD_RUNPATH_SEARCH_PATHS = '$(TOOLCHAIN_DIR)/usr/lib/swift/macosx @executable_path'; FRAMEWORK_SEARCH_PATHS = '$(PLATFORM_DIR)/Developer/Library/Frameworks'; SWIFT_FORCE_STATIC_LINK_STDLIB = 'NO'; SWIFT_FORCE_DYNAMIC_LINK_STDLIB = 'YES'; OTHER_LDFLAGS = '$(inherited)'; };
            name = Release;
        };
        __Dependency_swift_ws = {
            isa = PBXTargetDependency;
            target = ______Target_swift_ws;
        };
        __PBXFileRef_TwoHundredHelpers_Info.plist = {
            isa = PBXFileReference;
            lastKnownFileType = text.plist.xml;
            name = 'TwoHundredHelpers_Info.plist';
            path = 'ws.xcodeproj/TwoHundredHelpers_Info.plist';
            sourceTree = SOURCE_ROOT;
        };
        _______Group_TwoHundredHelpers = {
            isa = PBXGroup;
            name = TwoHundredHelpers;
            path = 'Sources/TwoHundredHelpers';
            sourceTree = '<group>';
            children = ('__PBXFileRef_Sources/TwoHundredHelpers/date.swift', '__PBXFileRef_Sources/TwoHundredHelpers/http_defs.swift', '__PBXFileRef_Sources/TwoHundredHelpers/requestHeader.swift', '__PBXFileRef_Sources/TwoHundredHelpers/response.swift', '__PBXFileRef_Sources/TwoHundredHelpers/socket_data.swift', '__PBXFileRef_Sources/TwoHundredHelpers/string+url.swift', '__PBXFileRef_Sources/TwoHundredHelpers/string_convertible.swift', __PBXFileRef_TwoHundredHelpers_Info.plist);
        };
        '__PBXFileRef_Sources/TwoHundredHelpers/date.swift' = {
            isa = PBXFileReference;
            lastKnownFileType = sourcecode.swift;
            name = 'date.swift';
            sourceTree = '<group>';
        };
        '__PBXFileRef_Sources/TwoHundredHelpers/http_defs.swift' = {
            isa = PBXFileReference;
            lastKnownFileType = sourcecode.swift;
            name = 'http_defs.swift';
            sourceTree = '<group>';
        };
        '__PBXFileRef_Sources/TwoHundredHelpers/requestHeader.swift' = {
            isa = PBXFileReference;
            lastKnownFileType = sourcecode.swift;
            name = 'requestHeader.swift';
            sourceTree = '<group>';
        };
        '__PBXFileRef_Sources/TwoHundredHelpers/response.swift' = {
            isa = PBXFileReference;
            lastKnownFileType = sourcecode.swift;
            name = 'response.swift';
            sourceTree = '<group>';
        };
        '__PBXFileRef_Sources/TwoHundredHelpers/socket_data.swift' = {
            isa = PBXFileReference;
            lastKnownFileType = sourcecode.swift;
            name = 'socket_data.swift';
            sourceTree = '<group>';
        };
        '__PBXFileRef_Sources/TwoHundredHelpers/string+url.swift' = {
            isa = PBXFileReference;
            lastKnownFileType = sourcecode.swift;
            name = 'string+url.swift';
            sourceTree = '<group>';
        };
        '__PBXFileRef_Sources/TwoHundredHelpers/string_convertible.swift' = {
            isa = PBXFileReference;
            lastKnownFileType = sourcecode.swift;
            name = 'string_convertible.swift';
            sourceTree = '<group>';
        };
        ______Target_TwoHundredHelpers = {
            isa = PBXNativeTarget;
            buildConfigurationList = _______Confs_TwoHundredHelpers;
            buildPhases = (CompilePhase_TwoHundredHelpers, ___LinkPhase_TwoHundredHelpers);
            buildRules = ();
            dependencies = (__Dependency_CryptoEssentials, __Dependency_C7, __Dependency_SwiftSockets, __Dependency_SHA1, __Dependency_Base64, __Dependency_Adler);
            name = TwoHundredHelpers;
            productName = TwoHundredHelpers;
            productReference = _____Product_TwoHundredHelpers;
            productType = 'com.apple.product-type.framework';
        };
        _____Product_TwoHundredHelpers = {
            isa = PBXFileReference;
            explicitFileType = 'wrapper.framework';
            path = 'TwoHundredHelpers.framework';
            sourceTree = BUILT_PRODUCTS_DIR;
        };
        CompilePhase_TwoHundredHelpers = {
            isa = PBXSourcesBuildPhase;
            files = ('__src_cc_ref_Sources/TwoHundredHelpers/date.swift', '__src_cc_ref_Sources/TwoHundredHelpers/http_defs.swift', '__src_cc_ref_Sources/TwoHundredHelpers/requestHeader.swift', '__src_cc_ref_Sources/TwoHundredHelpers/response.swift', '__src_cc_ref_Sources/TwoHundredHelpers/socket_data.swift', '__src_cc_ref_Sources/TwoHundredHelpers/string+url.swift', '__src_cc_ref_Sources/TwoHundredHelpers/string_convertible.swift');
            runOnlyForDeploymentPostprocessing = 0;
        };
        '__src_cc_ref_Sources/TwoHundredHelpers/date.swift' = {
            isa = PBXBuildFile;
            fileRef = '__PBXFileRef_Sources/TwoHundredHelpers/date.swift';
        };
        '__src_cc_ref_Sources/TwoHundredHelpers/http_defs.swift' = {
            isa = PBXBuildFile;
            fileRef = '__PBXFileRef_Sources/TwoHundredHelpers/http_defs.swift';
        };
        '__src_cc_ref_Sources/TwoHundredHelpers/requestHeader.swift' = {
            isa = PBXBuildFile;
            fileRef = '__PBXFileRef_Sources/TwoHundredHelpers/requestHeader.swift';
        };
        '__src_cc_ref_Sources/TwoHundredHelpers/response.swift' = {
            isa = PBXBuildFile;
            fileRef = '__PBXFileRef_Sources/TwoHundredHelpers/response.swift';
        };
        '__src_cc_ref_Sources/TwoHundredHelpers/socket_data.swift' = {
            isa = PBXBuildFile;
            fileRef = '__PBXFileRef_Sources/TwoHundredHelpers/socket_data.swift';
        };
        '__src_cc_ref_Sources/TwoHundredHelpers/string+url.swift' = {
            isa = PBXBuildFile;
            fileRef = '__PBXFileRef_Sources/TwoHundredHelpers/string+url.swift';
        };
        '__src_cc_ref_Sources/TwoHundredHelpers/string_convertible.swift' = {
            isa = PBXBuildFile;
            fileRef = '__PBXFileRef_Sources/TwoHundredHelpers/string_convertible.swift';
        };
        ___LinkPhase_TwoHundredHelpers = {
            isa = PBXFrameworksBuildPhase;
            files = (_LinkFileRef_CryptoEssentials_via_TwoHundredHelpers, _LinkFileRef_C7_via_TwoHundredHelpers, _LinkFileRef_SwiftSockets_via_TwoHundredHelpers, _LinkFileRef_SHA1_via_TwoHundredHelpers, _LinkFileRef_Base64_via_TwoHundredHelpers, _LinkFileRef_Adler_via_TwoHundredHelpers);
            runOnlyForDeploymentPostprocessing = 0;
        };
        _LinkFileRef_CryptoEssentials_via_TwoHundredHelpers = {
            isa = PBXBuildFile;
            fileRef = _____Product_CryptoEssentials;
        };
        _LinkFileRef_C7_via_TwoHundredHelpers = {
            isa = PBXBuildFile;
            fileRef = _____Product_C7;
        };
        _LinkFileRef_SwiftSockets_via_TwoHundredHelpers = {
            isa = PBXBuildFile;
            fileRef = _____Product_SwiftSockets;
        };
        _LinkFileRef_SHA1_via_TwoHundredHelpers = {
            isa = PBXBuildFile;
            fileRef = _____Product_SHA1;
        };
        _LinkFileRef_Base64_via_TwoHundredHelpers = {
            isa = PBXBuildFile;
            fileRef = _____Product_Base64;
        };
        _LinkFileRef_Adler_via_TwoHundredHelpers = {
            isa = PBXBuildFile;
            fileRef = _____Product_Adler;
        };
        _______Confs_TwoHundredHelpers = {
            isa = XCConfigurationList;
            buildConfigurations = (___DebugConf_TwoHundredHelpers, _ReleaseConf_TwoHundredHelpers);
            defaultConfigurationIsVisible = 0;
            defaultConfigurationName = Debug;
        };
        ___DebugConf_TwoHundredHelpers = {
            isa = XCBuildConfiguration;
            buildSettings = { LD_RUNPATH_SEARCH_PATHS = '$(TOOLCHAIN_DIR)/usr/lib/swift/macosx'; PRODUCT_MODULE_NAME = '$(TARGET_NAME:c99extidentifier)'; ENABLE_TESTABILITY = 'YES'; OTHER_SWIFT_FLAGS = '$(inherited)'; INFOPLIST_FILE = 'ws.xcodeproj/TwoHundredHelpers_Info.plist'; FRAMEWORK_SEARCH_PATHS = '$(PLATFORM_DIR)/Developer/Library/Frameworks'; SWIFT_OPTIMIZATION_LEVEL = '-Onone'; OTHER_LDFLAGS = '$(inherited)'; PRODUCT_NAME = '$(TARGET_NAME:c99extidentifier)'; };
            name = Debug;
        };
        _ReleaseConf_TwoHundredHelpers = {
            isa = XCBuildConfiguration;
            buildSettings = { LD_RUNPATH_SEARCH_PATHS = '$(TOOLCHAIN_DIR)/usr/lib/swift/macosx'; PRODUCT_MODULE_NAME = '$(TARGET_NAME:c99extidentifier)'; ENABLE_TESTABILITY = 'YES'; OTHER_SWIFT_FLAGS = '$(inherited)'; INFOPLIST_FILE = 'ws.xcodeproj/TwoHundredHelpers_Info.plist'; FRAMEWORK_SEARCH_PATHS = '$(PLATFORM_DIR)/Developer/Library/Frameworks'; OTHER_LDFLAGS = '$(inherited)'; PRODUCT_NAME = '$(TARGET_NAME:c99extidentifier)'; };
            name = Release;
        };
        __Dependency_TwoHundredHelpers = {
            isa = PBXTargetDependency;
            target = ______Target_TwoHundredHelpers;
        };
        '__PBXFileRef_ws.xcodeproj/Configs/Project.xcconfig' = {
            isa = PBXFileReference;
            lastKnownFileType = text.xcconfig;
            name = 'Project.xcconfig';
            path = 'ws.xcodeproj/Configs/Project.xcconfig';
            sourceTree = '<group>';
        };
        _____Configs_ = {
            isa = PBXGroup;
            children = ('__PBXFileRef_ws.xcodeproj/Configs/Project.xcconfig');
            name = Configs;
            sourceTree = '<group>';
        };
        _____Sources_ = {
            isa = PBXGroup;
            children = (_______Group_C7, _______Group_Base64, _______Group_CryptoEssentials, _______Group_SHA1, _______Group_SwiftSockets, _______Group_SwiftyEchoDaemon, _______Group_Adler, _______Group_CWSocketsServer, _______Group_swift_ws, _______Group_TwoHundredHelpers);
            name = Sources;
            sourceTree = '<group>';
        };
        Dependencies_ = {
            isa = PBXGroup;
            children = (_______Group_C7, _______Group_Base64, _______Group_CryptoEssentials, _______Group_SHA1, _______Group_SwiftSockets, _______Group_SwiftyEchoDaemon);
            name = Dependencies;
            sourceTree = '<group>';
        };
        ____Products_ = {
            isa = PBXGroup;
            children = (_____Product_C7, _____Product_Base64, _____Product_CryptoEssentials, _____Product_SHA1, _____Product_SwiftSockets, _____Product_SwiftyEchoDaemon, _____Product_Adler, _____Product_CWSocketsServer, _____Product_swift_ws, _____Product_TwoHundredHelpers);
            name = Products;
            sourceTree = '<group>';
        };
        _______Debug_ = {
            isa = XCBuildConfiguration;
            baseConfigurationReference = '__PBXFileRef_ws.xcodeproj/Configs/Project.xcconfig';
            buildSettings = {};
            name = Debug;
        };
        _____Release_ = {
            isa = XCBuildConfiguration;
            baseConfigurationReference = '__PBXFileRef_ws.xcodeproj/Configs/Project.xcconfig';
            buildSettings = {};
            name = Release;
        };
        ___RootConfs_ = {
            isa = XCConfigurationList;
            buildConfigurations = (_______Debug_, _____Release_);
            defaultConfigurationIsVisible = 0;
            defaultConfigurationName = Debug;
        };
    };
}
